// !$*UTF8*$!
{
	archiveVersion = 1;
	classes = {
	};
	objectVersion = 51;
	objects = {

/* Begin PBXBuildFile section */
		A868882453B942B3E43F23BA /* Pods_FirebaseAuthDemo.framework in Frameworks */ = {isa = PBXBuildFile; fileRef = 706B6789490667703914B98B /* Pods_FirebaseAuthDemo.framework */; };
		EE7D113025CE52180048BABF /* ActivityIndicator.swift in Sources */ = {isa = PBXBuildFile; fileRef = EE7D112F25CE52180048BABF /* ActivityIndicator.swift */; };
		EE7D113325CE52CC0048BABF /* AuthenticationHelper.swift in Sources */ = {isa = PBXBuildFile; fileRef = EE7D113225CE52CC0048BABF /* AuthenticationHelper.swift */; };
		EE7D113725CE53500048BABF /* User.swift in Sources */ = {isa = PBXBuildFile; fileRef = EE7D113625CE53500048BABF /* User.swift */; };
		EE7D114C25CE5A7D0048BABF /* NavigationHelper.swift in Sources */ = {isa = PBXBuildFile; fileRef = EE7D114B25CE5A7D0048BABF /* NavigationHelper.swift */; };
		EE7D115025CE5DA80048BABF /* PasswordField.swift in Sources */ = {isa = PBXBuildFile; fileRef = EE7D114F25CE5DA80048BABF /* PasswordField.swift */; };
		EE7D115525CE6A180048BABF /* HomeView.swift in Sources */ = {isa = PBXBuildFile; fileRef = EE7D115425CE6A180048BABF /* HomeView.swift */; };
		EEAEB9B425C52E4E002D34CE /* GoogleService-Info.plist in Resources */ = {isa = PBXBuildFile; fileRef = EEAEB9B325C52E4E002D34CE /* GoogleService-Info.plist */; };
		EEAEB9B725C537FF002D34CE /* AccountHelper.swift in Sources */ = {isa = PBXBuildFile; fileRef = EEAEB9B625C537FF002D34CE /* AccountHelper.swift */; };
		EEBEC6C825C51AA300D24768 /* AppDelegate.swift in Sources */ = {isa = PBXBuildFile; fileRef = EEBEC6C725C51AA300D24768 /* AppDelegate.swift */; };
		EEBEC6CA25C51AA300D24768 /* SceneDelegate.swift in Sources */ = {isa = PBXBuildFile; fileRef = EEBEC6C925C51AA300D24768 /* SceneDelegate.swift */; };
		EEBEC6CC25C51AA300D24768 /* ContentView.swift in Sources */ = {isa = PBXBuildFile; fileRef = EEBEC6CB25C51AA300D24768 /* ContentView.swift */; };
		EEBEC6CE25C51AAA00D24768 /* Assets.xcassets in Resources */ = {isa = PBXBuildFile; fileRef = EEBEC6CD25C51AAA00D24768 /* Assets.xcassets */; };
		EEBEC6D125C51AAA00D24768 /* Preview Assets.xcassets in Resources */ = {isa = PBXBuildFile; fileRef = EEBEC6D025C51AAA00D24768 /* Preview Assets.xcassets */; };
		EEBEC6D425C51AAA00D24768 /* LaunchScreen.storyboard in Resources */ = {isa = PBXBuildFile; fileRef = EEBEC6D225C51AAA00D24768 /* LaunchScreen.storyboard */; };
		EEBEC6DF25C51B2A00D24768 /* LoginView.swift in Sources */ = {isa = PBXBuildFile; fileRef = EEBEC6DE25C51B2A00D24768 /* LoginView.swift */; };
		EEBEC6E425C51CE100D24768 /* Modifiers.swift in Sources */ = {isa = PBXBuildFile; fileRef = EEBEC6E325C51CE100D24768 /* Modifiers.swift */; };
		EEBEC70F25C5242400D24768 /* Extensions.swift in Sources */ = {isa = PBXBuildFile; fileRef = EEBEC70E25C5242400D24768 /* Extensions.swift */; };
		EEBEC71225C526EE00D24768 /* SignUpView.swift in Sources */ = {isa = PBXBuildFile; fileRef = EEBEC71125C526EE00D24768 /* SignUpView.swift */; };
		EEBEC71525C52C9500D24768 /* ForgotPasswordView.swift in Sources */ = {isa = PBXBuildFile; fileRef = EEBEC71425C52C9500D24768 /* ForgotPasswordView.swift */; };
/* End PBXBuildFile section */

/* Begin PBXFileReference section */
		2B0AF50BF64831092C14C1F0 /* Pods-FirebaseAuthDemo.release.xcconfig */ = {isa = PBXFileReference; includeInIndex = 1; lastKnownFileType = text.xcconfig; name = "Pods-FirebaseAuthDemo.release.xcconfig"; path = "Target Support Files/Pods-FirebaseAuthDemo/Pods-FirebaseAuthDemo.release.xcconfig"; sourceTree = "<group>"; };
		2B8D22D3D78DD68991D0BB14 /* Pods-FirebaseAuthDemo.debug.xcconfig */ = {isa = PBXFileReference; includeInIndex = 1; lastKnownFileType = text.xcconfig; name = "Pods-FirebaseAuthDemo.debug.xcconfig"; path = "Target Support Files/Pods-FirebaseAuthDemo/Pods-FirebaseAuthDemo.debug.xcconfig"; sourceTree = "<group>"; };
		706B6789490667703914B98B /* Pods_FirebaseAuthDemo.framework */ = {isa = PBXFileReference; explicitFileType = wrapper.framework; includeInIndex = 0; path = Pods_FirebaseAuthDemo.framework; sourceTree = BUILT_PRODUCTS_DIR; };
		EE7D112F25CE52180048BABF /* ActivityIndicator.swift */ = {isa = PBXFileReference; lastKnownFileType = sourcecode.swift; path = ActivityIndicator.swift; sourceTree = "<group>"; };
		EE7D113225CE52CC0048BABF /* AuthenticationHelper.swift */ = {isa = PBXFileReference; lastKnownFileType = sourcecode.swift; path = AuthenticationHelper.swift; sourceTree = "<group>"; };
		EE7D113625CE53500048BABF /* User.swift */ = {isa = PBXFileReference; lastKnownFileType = sourcecode.swift; path = User.swift; sourceTree = "<group>"; };
		EE7D114B25CE5A7D0048BABF /* NavigationHelper.swift */ = {isa = PBXFileReference; lastKnownFileType = sourcecode.swift; path = NavigationHelper.swift; sourceTree = "<group>"; };
		EE7D114F25CE5DA80048BABF /* PasswordField.swift */ = {isa = PBXFileReference; lastKnownFileType = sourcecode.swift; path = PasswordField.swift; sourceTree = "<group>"; };
		EE7D115425CE6A180048BABF /* HomeView.swift */ = {isa = PBXFileReference; lastKnownFileType = sourcecode.swift; path = HomeView.swift; sourceTree = "<group>"; };
		EEAEB9B325C52E4E002D34CE /* GoogleService-Info.plist */ = {isa = PBXFileReference; fileEncoding = 4; lastKnownFileType = text.plist.xml; path = "GoogleService-Info.plist"; sourceTree = "<group>"; };
		EEAEB9B625C537FF002D34CE /* AccountHelper.swift */ = {isa = PBXFileReference; lastKnownFileType = sourcecode.swift; path = AccountHelper.swift; sourceTree = "<group>"; };
		EEBEC6C425C51AA300D24768 /* FirebaseAuthDemo.app */ = {isa = PBXFileReference; explicitFileType = wrapper.application; includeInIndex = 0; path = FirebaseAuthDemo.app; sourceTree = BUILT_PRODUCTS_DIR; };
		EEBEC6C725C51AA300D24768 /* AppDelegate.swift */ = {isa = PBXFileReference; lastKnownFileType = sourcecode.swift; path = AppDelegate.swift; sourceTree = "<group>"; };
		EEBEC6C925C51AA300D24768 /* SceneDelegate.swift */ = {isa = PBXFileReference; lastKnownFileType = sourcecode.swift; path = SceneDelegate.swift; sourceTree = "<group>"; };
		EEBEC6CB25C51AA300D24768 /* ContentView.swift */ = {isa = PBXFileReference; lastKnownFileType = sourcecode.swift; path = ContentView.swift; sourceTree = "<group>"; };
		EEBEC6CD25C51AAA00D24768 /* Assets.xcassets */ = {isa = PBXFileReference; lastKnownFileType = folder.assetcatalog; path = Assets.xcassets; sourceTree = "<group>"; };
		EEBEC6D025C51AAA00D24768 /* Preview Assets.xcassets */ = {isa = PBXFileReference; lastKnownFileType = folder.assetcatalog; path = "Preview Assets.xcassets"; sourceTree = "<group>"; };
		EEBEC6D325C51AAA00D24768 /* Base */ = {isa = PBXFileReference; lastKnownFileType = file.storyboard; name = Base; path = Base.lproj/LaunchScreen.storyboard; sourceTree = "<group>"; };
		EEBEC6D525C51AAA00D24768 /* Info.plist */ = {isa = PBXFileReference; lastKnownFileType = text.plist.xml; path = Info.plist; sourceTree = "<group>"; };
		EEBEC6DE25C51B2A00D24768 /* LoginView.swift */ = {isa = PBXFileReference; lastKnownFileType = sourcecode.swift; path = LoginView.swift; sourceTree = "<group>"; };
		EEBEC6E325C51CE100D24768 /* Modifiers.swift */ = {isa = PBXFileReference; lastKnownFileType = sourcecode.swift; path = Modifiers.swift; sourceTree = "<group>"; };
		EEBEC70E25C5242400D24768 /* Extensions.swift */ = {isa = PBXFileReference; lastKnownFileType = sourcecode.swift; path = Extensions.swift; sourceTree = "<group>"; };
		EEBEC71125C526EE00D24768 /* SignUpView.swift */ = {isa = PBXFileReference; lastKnownFileType = sourcecode.swift; path = SignUpView.swift; sourceTree = "<group>"; };
		EEBEC71425C52C9500D24768 /* ForgotPasswordView.swift */ = {isa = PBXFileReference; lastKnownFileType = sourcecode.swift; path = ForgotPasswordView.swift; sourceTree = "<group>"; };
/* End PBXFileReference section */

/* Begin PBXFrameworksBuildPhase section */
		EEBEC6C125C51AA300D24768 /* Frameworks */ = {
			isa = PBXFrameworksBuildPhase;
			buildActionMask = 2147483647;
			files = (
				A868882453B942B3E43F23BA /* Pods_FirebaseAuthDemo.framework in Frameworks */,
			);
			runOnlyForDeploymentPostprocessing = 0;
		};
/* End PBXFrameworksBuildPhase section */

/* Begin PBXGroup section */
		175C0E2E9C65F60551588FFE /* Pods */ = {
			isa = PBXGroup;
			children = (
				2B8D22D3D78DD68991D0BB14 /* Pods-FirebaseAuthDemo.debug.xcconfig */,
				2B0AF50BF64831092C14C1F0 /* Pods-FirebaseAuthDemo.release.xcconfig */,
			);
			path = Pods;
			sourceTree = "<group>";
		};
		D90EE0C5616F93E65709DE26 /* Frameworks */ = {
			isa = PBXGroup;
			children = (
				706B6789490667703914B98B /* Pods_FirebaseAuthDemo.framework */,
			);
			name = Frameworks;
			sourceTree = "<group>";
		};
		EE7D113525CE53480048BABF /* models */ = {
			isa = PBXGroup;
			children = (
				EE7D113625CE53500048BABF /* User.swift */,
			);
			path = models;
			sourceTree = "<group>";
		};
		EE7D114E25CE5D9B0048BABF /* components */ = {
			isa = PBXGroup;
			children = (
				EE7D114F25CE5DA80048BABF /* PasswordField.swift */,
			);
			path = components;
			sourceTree = "<group>";
		};
		EEBEC6BB25C51AA300D24768 = {
			isa = PBXGroup;
			children = (
				EEBEC6C625C51AA300D24768 /* FirebaseAuthDemo */,
				EEBEC6C525C51AA300D24768 /* Products */,
				175C0E2E9C65F60551588FFE /* Pods */,
				D90EE0C5616F93E65709DE26 /* Frameworks */,
			);
			sourceTree = "<group>";
		};
		EEBEC6C525C51AA300D24768 /* Products */ = {
			isa = PBXGroup;
			children = (
				EEBEC6C425C51AA300D24768 /* FirebaseAuthDemo.app */,
			);
			name = Products;
			sourceTree = "<group>";
		};
		EEBEC6C625C51AA300D24768 /* FirebaseAuthDemo */ = {
			isa = PBXGroup;
			children = (
				EE7D113525CE53480048BABF /* models */,
				EEAEB9B325C52E4E002D34CE /* GoogleService-Info.plist */,
				EEBEC6EA25C5227B00D24768 /* observables */,
				EEBEC6DD25C51B1E00D24768 /* helpers */,
				EEBEC6DC25C51B1400D24768 /* views */,
				EEBEC6C725C51AA300D24768 /* AppDelegate.swift */,
				EEBEC6C925C51AA300D24768 /* SceneDelegate.swift */,
				EEBEC6CD25C51AAA00D24768 /* Assets.xcassets */,
				EEBEC6D225C51AAA00D24768 /* LaunchScreen.storyboard */,
				EEBEC6D525C51AAA00D24768 /* Info.plist */,
				EEBEC6CF25C51AAA00D24768 /* Preview Content */,
			);
			path = FirebaseAuthDemo;
			sourceTree = "<group>";
		};
		EEBEC6CF25C51AAA00D24768 /* Preview Content */ = {
			isa = PBXGroup;
			children = (
				EEBEC6D025C51AAA00D24768 /* Preview Assets.xcassets */,
			);
			path = "Preview Content";
			sourceTree = "<group>";
		};
		EEBEC6DC25C51B1400D24768 /* views */ = {
			isa = PBXGroup;
			children = (
				EE7D114E25CE5D9B0048BABF /* components */,
				EEBEC6E225C51CD400D24768 /* modifiers */,
				EEBEC6CB25C51AA300D24768 /* ContentView.swift */,
				EEBEC6DE25C51B2A00D24768 /* LoginView.swift */,
				EEBEC71125C526EE00D24768 /* SignUpView.swift */,
				EEBEC71425C52C9500D24768 /* ForgotPasswordView.swift */,
				EE7D112F25CE52180048BABF /* ActivityIndicator.swift */,
				EE7D115425CE6A180048BABF /* HomeView.swift */,
			);
			path = views;
			sourceTree = "<group>";
		};
		EEBEC6DD25C51B1E00D24768 /* helpers */ = {
			isa = PBXGroup;
			children = (
				EEBEC70E25C5242400D24768 /* Extensions.swift */,
				EE7D113225CE52CC0048BABF /* AuthenticationHelper.swift */,
				EE7D114B25CE5A7D0048BABF /* NavigationHelper.swift */,
			);
			path = helpers;
			sourceTree = "<group>";
		};
		EEBEC6E225C51CD400D24768 /* modifiers */ = {
			isa = PBXGroup;
			children = (
				EEBEC6E325C51CE100D24768 /* Modifiers.swift */,
			);
			path = modifiers;
			sourceTree = "<group>";
		};
		EEBEC6EA25C5227B00D24768 /* observables */ = {
			isa = PBXGroup;
			children = (
				EEAEB9B625C537FF002D34CE /* AccountHelper.swift */,
			);
			path = observables;
			sourceTree = "<group>";
		};
/* End PBXGroup section */

/* Begin PBXNativeTarget section */
		EEBEC6C325C51AA300D24768 /* FirebaseAuthDemo */ = {
			isa = PBXNativeTarget;
			buildConfigurationList = EEBEC6D825C51AAA00D24768 /* Build configuration list for PBXNativeTarget "FirebaseAuthDemo" */;
			buildPhases = (
				634CB6FB1658124B1C52EF55 /* [CP] Check Pods Manifest.lock */,
				EEBEC6C025C51AA300D24768 /* Sources */,
				EEBEC6C125C51AA300D24768 /* Frameworks */,
				EEBEC6C225C51AA300D24768 /* Resources */,
				AD2BB1F5CE99A5A682707373 /* [CP] Embed Pods Frameworks */,
			);
			buildRules = (
			);
			dependencies = (
			);
			name = FirebaseAuthDemo;
			productName = FirebaseAuthDemo;
			productReference = EEBEC6C425C51AA300D24768 /* FirebaseAuthDemo.app */;
			productType = "com.apple.product-type.application";
		};
/* End PBXNativeTarget section */

/* Begin PBXProject section */
		EEBEC6BC25C51AA300D24768 /* Project object */ = {
			isa = PBXProject;
			attributes = {
				LastSwiftUpdateCheck = 1230;
				LastUpgradeCheck = 1230;
				TargetAttributes = {
					EEBEC6C325C51AA300D24768 = {
						CreatedOnToolsVersion = 12.3;
					};
				};
			};
			buildConfigurationList = EEBEC6BF25C51AA300D24768 /* Build configuration list for PBXProject "FirebaseAuthDemo" */;
			compatibilityVersion = "Xcode 9.3";
			developmentRegion = en;
			hasScannedForEncodings = 0;
			knownRegions = (
				en,
				Base,
			);
			mainGroup = EEBEC6BB25C51AA300D24768;
			productRefGroup = EEBEC6C525C51AA300D24768 /* Products */;
			projectDirPath = "";
			projectRoot = "";
			targets = (
				EEBEC6C325C51AA300D24768 /* FirebaseAuthDemo */,
			);
		};
/* End PBXProject section */

/* Begin PBXResourcesBuildPhase section */
		EEBEC6C225C51AA300D24768 /* Resources */ = {
			isa = PBXResourcesBuildPhase;
			buildActionMask = 2147483647;
			files = (
				EEBEC6D425C51AAA00D24768 /* LaunchScreen.storyboard in Resources */,
				EEAEB9B425C52E4E002D34CE /* GoogleService-Info.plist in Resources */,
				EEBEC6D125C51AAA00D24768 /* Preview Assets.xcassets in Resources */,
				EEBEC6CE25C51AAA00D24768 /* Assets.xcassets in Resources */,
			);
			runOnlyForDeploymentPostprocessing = 0;
		};
/* End PBXResourcesBuildPhase section */

/* Begin PBXShellScriptBuildPhase section */
		634CB6FB1658124B1C52EF55 /* [CP] Check Pods Manifest.lock */ = {
			isa = PBXShellScriptBuildPhase;
			buildActionMask = 2147483647;
			files = (
			);
			inputFileListPaths = (
			);
			inputPaths = (
				"${PODS_PODFILE_DIR_PATH}/Podfile.lock",
				"${PODS_ROOT}/Manifest.lock",
			);
			name = "[CP] Check Pods Manifest.lock";
			outputFileListPaths = (
			);
			outputPaths = (
				"$(DERIVED_FILE_DIR)/Pods-FirebaseAuthDemo-checkManifestLockResult.txt",
			);
			runOnlyForDeploymentPostprocessing = 0;
			shellPath = /bin/sh;
			shellScript = "diff \"${PODS_PODFILE_DIR_PATH}/Podfile.lock\" \"${PODS_ROOT}/Manifest.lock\" > /dev/null\nif [ $? != 0 ] ; then\n    # print error to STDERR\n    echo \"error: The sandbox is not in sync with the Podfile.lock. Run 'pod install' or update your CocoaPods installation.\" >&2\n    exit 1\nfi\n# This output is used by Xcode 'outputs' to avoid re-running this script phase.\necho \"SUCCESS\" > \"${SCRIPT_OUTPUT_FILE_0}\"\n";
			showEnvVarsInLog = 0;
		};
		AD2BB1F5CE99A5A682707373 /* [CP] Embed Pods Frameworks */ = {
			isa = PBXShellScriptBuildPhase;
			buildActionMask = 2147483647;
			files = (
			);
			inputFileListPaths = (
				"${PODS_ROOT}/Target Support Files/Pods-FirebaseAuthDemo/Pods-FirebaseAuthDemo-frameworks-${CONFIGURATION}-input-files.xcfilelist",
			);
			name = "[CP] Embed Pods Frameworks";
			outputFileListPaths = (
				"${PODS_ROOT}/Target Support Files/Pods-FirebaseAuthDemo/Pods-FirebaseAuthDemo-frameworks-${CONFIGURATION}-output-files.xcfilelist",
			);
			runOnlyForDeploymentPostprocessing = 0;
			shellPath = /bin/sh;
			shellScript = "\"${PODS_ROOT}/Target Support Files/Pods-FirebaseAuthDemo/Pods-FirebaseAuthDemo-frameworks.sh\"\n";
			showEnvVarsInLog = 0;
		};
/* End PBXShellScriptBuildPhase section */

/* Begin PBXSourcesBuildPhase section */
		EEBEC6C025C51AA300D24768 /* Sources */ = {
			isa = PBXSourcesBuildPhase;
			buildActionMask = 2147483647;
			files = (
				EEBEC6C825C51AA300D24768 /* AppDelegate.swift in Sources */,
				EEBEC70F25C5242400D24768 /* Extensions.swift in Sources */,
				EEBEC71525C52C9500D24768 /* ForgotPasswordView.swift in Sources */,
				EE7D115525CE6A180048BABF /* HomeView.swift in Sources */,
				EEBEC6CA25C51AA300D24768 /* SceneDelegate.swift in Sources */,
				EE7D113325CE52CC0048BABF /* AuthenticationHelper.swift in Sources */,
				EEAEB9B725C537FF002D34CE /* AccountHelper.swift in Sources */,
				EEBEC71225C526EE00D24768 /* SignUpView.swift in Sources */,
				EE7D114C25CE5A7D0048BABF /* NavigationHelper.swift in Sources */,
				EE7D113025CE52180048BABF /* ActivityIndicator.swift in Sources */,
				EE7D113725CE53500048BABF /* User.swift in Sources */,
				EEBEC6DF25C51B2A00D24768 /* LoginView.swift in Sources */,
				EE7D115025CE5DA80048BABF /* PasswordField.swift in Sources */,
				EEBEC6CC25C51AA300D24768 /* ContentView.swift in Sources */,
				EEBEC6E425C51CE100D24768 /* Modifiers.swift in Sources */,
			);
			runOnlyForDeploymentPostprocessing = 0;
		};
/* End PBXSourcesBuildPhase section */

/* Begin PBXVariantGroup section */
		EEBEC6D225C51AAA00D24768 /* LaunchScreen.storyboard */ = {
			isa = PBXVariantGroup;
			children = (
				EEBEC6D325C51AAA00D24768 /* Base */,
			);
			name = LaunchScreen.storyboard;
			sourceTree = "<group>";
		};
/* End PBXVariantGroup section */

/* Begin XCBuildConfiguration section */
		EEBEC6D625C51AAA00D24768 /* Debug */ = {
			isa = XCBuildConfiguration;
			buildSettings = {
				ALWAYS_SEARCH_USER_PATHS = NO;
				CLANG_ANALYZER_NONNULL = YES;
				CLANG_ANALYZER_NUMBER_OBJECT_CONVERSION = YES_AGGRESSIVE;
				CLANG_CXX_LANGUAGE_STANDARD = "gnu++14";
				CLANG_CXX_LIBRARY = "libc++";
				CLANG_ENABLE_MODULES = YES;
				CLANG_ENABLE_OBJC_ARC = YES;
				CLANG_ENABLE_OBJC_WEAK = YES;
				CLANG_WARN_BLOCK_CAPTURE_AUTORELEASING = YES;
				CLANG_WARN_BOOL_CONVERSION = YES;
				CLANG_WARN_COMMA = YES;
				CLANG_WARN_CONSTANT_CONVERSION = YES;
				CLANG_WARN_DEPRECATED_OBJC_IMPLEMENTATIONS = YES;
				CLANG_WARN_DIRECT_OBJC_ISA_USAGE = YES_ERROR;
				CLANG_WARN_DOCUMENTATION_COMMENTS = YES;
				CLANG_WARN_EMPTY_BODY = YES;
				CLANG_WARN_ENUM_CONVERSION = YES;
				CLANG_WARN_INFINITE_RECURSION = YES;
				CLANG_WARN_INT_CONVERSION = YES;
				CLANG_WARN_NON_LITERAL_NULL_CONVERSION = YES;
				CLANG_WARN_OBJC_IMPLICIT_RETAIN_SELF = YES;
				CLANG_WARN_OBJC_LITERAL_CONVERSION = YES;
				CLANG_WARN_OBJC_ROOT_CLASS = YES_ERROR;
				CLANG_WARN_QUOTED_INCLUDE_IN_FRAMEWORK_HEADER = YES;
				CLANG_WARN_RANGE_LOOP_ANALYSIS = YES;
				CLANG_WARN_STRICT_PROTOTYPES = YES;
				CLANG_WARN_SUSPICIOUS_MOVE = YES;
				CLANG_WARN_UNGUARDED_AVAILABILITY = YES_AGGRESSIVE;
				CLANG_WARN_UNREACHABLE_CODE = YES;
				CLANG_WARN__DUPLICATE_METHOD_MATCH = YES;
				COPY_PHASE_STRIP = NO;
				DEBUG_INFORMATION_FORMAT = dwarf;
				ENABLE_STRICT_OBJC_MSGSEND = YES;
				ENABLE_TESTABILITY = YES;
				GCC_C_LANGUAGE_STANDARD = gnu11;
				GCC_DYNAMIC_NO_PIC = NO;
				GCC_NO_COMMON_BLOCKS = YES;
				GCC_OPTIMIZATION_LEVEL = 0;
				GCC_PREPROCESSOR_DEFINITIONS = (
					"DEBUG=1",
					"$(inherited)",
				);
				GCC_WARN_64_TO_32_BIT_CONVERSION = YES;
				GCC_WARN_ABOUT_RETURN_TYPE = YES_ERROR;
				GCC_WARN_UNDECLARED_SELECTOR = YES;
				GCC_WARN_UNINITIALIZED_AUTOS = YES_AGGRESSIVE;
				GCC_WARN_UNUSED_FUNCTION = YES;
				GCC_WARN_UNUSED_VARIABLE = YES;
				IPHONEOS_DEPLOYMENT_TARGET = 14.3;
				MTL_ENABLE_DEBUG_INFO = INCLUDE_SOURCE;
				MTL_FAST_MATH = YES;
				ONLY_ACTIVE_ARCH = YES;
				SDKROOT = iphoneos;
				SWIFT_ACTIVE_COMPILATION_CONDITIONS = DEBUG;
				SWIFT_OPTIMIZATION_LEVEL = "-Onone";
			};
			name = Debug;
		};
		EEBEC6D725C51AAA00D24768 /* Release */ = {
			isa = XCBuildConfiguration;
			buildSettings = {
				ALWAYS_SEARCH_USER_PATHS = NO;
				CLANG_ANALYZER_NONNULL = YES;
				CLANG_ANALYZER_NUMBER_OBJECT_CONVERSION = YES_AGGRESSIVE;
				CLANG_CXX_LANGUAGE_STANDARD = "gnu++14";
				CLANG_CXX_LIBRARY = "libc++";
				CLANG_ENABLE_MODULES = YES;
				CLANG_ENABLE_OBJC_ARC = YES;
				CLANG_ENABLE_OBJC_WEAK = YES;
				CLANG_WARN_BLOCK_CAPTURE_AUTORELEASING = YES;
				CLANG_WARN_BOOL_CONVERSION = YES;
				CLANG_WARN_COMMA = YES;
				CLANG_WARN_CONSTANT_CONVERSION = YES;
				CLANG_WARN_DEPRECATED_OBJC_IMPLEMENTATIONS = YES;
				CLANG_WARN_DIRECT_OBJC_ISA_USAGE = YES_ERROR;
				CLANG_WARN_DOCUMENTATION_COMMENTS = YES;
				CLANG_WARN_EMPTY_BODY = YES;
				CLANG_WARN_ENUM_CONVERSION = YES;
				CLANG_WARN_INFINITE_RECURSION = YES;
				CLANG_WARN_INT_CONVERSION = YES;
				CLANG_WARN_NON_LITERAL_NULL_CONVERSION = YES;
				CLANG_WARN_OBJC_IMPLICIT_RETAIN_SELF = YES;
				CLANG_WARN_OBJC_LITERAL_CONVERSION = YES;
				CLANG_WARN_OBJC_ROOT_CLASS = YES_ERROR;
				CLANG_WARN_QUOTED_INCLUDE_IN_FRAMEWORK_HEADER = YES;
				CLANG_WARN_RANGE_LOOP_ANALYSIS = YES;
				CLANG_WARN_STRICT_PROTOTYPES = YES;
				CLANG_WARN_SUSPICIOUS_MOVE = YES;
				CLANG_WARN_UNGUARDED_AVAILABILITY = YES_AGGRESSIVE;
				CLANG_WARN_UNREACHABLE_CODE = YES;
				CLANG_WARN__DUPLICATE_METHOD_MATCH = YES;
				COPY_PHASE_STRIP = NO;
				DEBUG_INFORMATION_FORMAT = "dwarf-with-dsym";
				ENABLE_NS_ASSERTIONS = NO;
				ENABLE_STRICT_OBJC_MSGSEND = YES;
				GCC_C_LANGUAGE_STANDARD = gnu11;
				GCC_NO_COMMON_BLOCKS = YES;
				GCC_WARN_64_TO_32_BIT_CONVERSION = YES;
				GCC_WARN_ABOUT_RETURN_TYPE = YES_ERROR;
				GCC_WARN_UNDECLARED_SELECTOR = YES;
				GCC_WARN_UNINITIALIZED_AUTOS = YES_AGGRESSIVE;
				GCC_WARN_UNUSED_FUNCTION = YES;
				GCC_WARN_UNUSED_VARIABLE = YES;
				IPHONEOS_DEPLOYMENT_TARGET = 14.3;
				MTL_ENABLE_DEBUG_INFO = NO;
				MTL_FAST_MATH = YES;
				SDKROOT = iphoneos;
				SWIFT_COMPILATION_MODE = wholemodule;
				SWIFT_OPTIMIZATION_LEVEL = "-O";
				VALIDATE_PRODUCT = YES;
			};
			name = Release;
		};
		EEBEC6D925C51AAA00D24768 /* Debug */ = {
			isa = XCBuildConfiguration;
			baseConfigurationReference = 2B8D22D3D78DD68991D0BB14 /* Pods-FirebaseAuthDemo.debug.xcconfig */;
			buildSettings = {
				ASSETCATALOG_COMPILER_APPICON_NAME = AppIcon;
				ASSETCATALOG_COMPILER_GLOBAL_ACCENT_COLOR_NAME = AccentColor;
				CODE_SIGN_STYLE = Automatic;
				DEVELOPMENT_ASSET_PATHS = "\"FirebaseAuthDemo/Preview Content\"";
				DEVELOPMENT_TEAM = Z47B6ALQWW;
				ENABLE_PREVIEWS = YES;
				INFOPLIST_FILE = FirebaseAuthDemo/Info.plist;
				LD_RUNPATH_SEARCH_PATHS = (
					"$(inherited)",
					"@executable_path/Frameworks",
				);
				PRODUCT_BUNDLE_IDENTIFIER = idroid.FirebaseAuthDemo;
				PRODUCT_NAME = "$(TARGET_NAME)";
				SWIFT_VERSION = 5.0;
				TARGETED_DEVICE_FAMILY = "1,2";
			};
			name = Debug;
		};
		EEBEC6DA25C51AAA00D24768 /* Release */ = {
			isa = XCBuildConfiguration;
			baseConfigurationReference = 2B0AF50BF64831092C14C1F0 /* Pods-FirebaseAuthDemo.release.xcconfig */;
			buildSettings = {
				ASSETCATALOG_COMPILER_APPICON_NAME = AppIcon;
				ASSETCATALOG_COMPILER_GLOBAL_ACCENT_COLOR_NAME = AccentColor;
				CODE_SIGN_STYLE = Automatic;
				DEVELOPMENT_ASSET_PATHS = "\"FirebaseAuthDemo/Preview Content\"";
				DEVELOPMENT_TEAM = Z47B6ALQWW;
				ENABLE_PREVIEWS = YES;
				INFOPLIST_FILE = FirebaseAuthDemo/Info.plist;
				LD_RUNPATH_SEARCH_PATHS = (
					"$(inherited)",
					"@executable_path/Frameworks",
				);
				PRODUCT_BUNDLE_IDENTIFIER = idroid.FirebaseAuthDemo;
				PRODUCT_NAME = "$(TARGET_NAME)";
				SWIFT_VERSION = 5.0;
				TARGETED_DEVICE_FAMILY = "1,2";
			};
			name = Release;
		};
/* End XCBuildConfiguration section */

/* Begin XCConfigurationList section */
		EEBEC6BF25C51AA300D24768 /* Build configuration list for PBXProject "FirebaseAuthDemo" */ = {
			isa = XCConfigurationList;
			buildConfigurations = (
				EEBEC6D625C51AAA00D24768 /* Debug */,
				EEBEC6D725C51AAA00D24768 /* Release */,
			);
			defaultConfigurationIsVisible = 0;
			defaultConfigurationName = Release;
		};
		EEBEC6D825C51AAA00D24768 /* Build configuration list for PBXNativeTarget "FirebaseAuthDemo" */ = {
			isa = XCConfigurationList;
			buildConfigurations = (
				EEBEC6D925C51AAA00D24768 /* Debug */,
				EEBEC6DA25C51AAA00D24768 /* Release */,
			);
			defaultConfigurationIsVisible = 0;
			defaultConfigurationName = Release;
		};
/* End XCConfigurationList section */
	};
	rootObject = EEBEC6BC25C51AA300D24768 /* Project object */;
}
